
Microsoft Visual Studio Solution File, Format Version 10.00
# Visual Studio 2008
Project("{FAE04EC0-301F-11D3-BF4B-00C04F79EFBC}") = "escoz", "UICatalog\escoz.csproj", "{0F748498-6B6A-4BFF-B212-F28E88AD1AE6}"
EndProject
Global
	GlobalSection(SolutionConfigurationPlatforms) = preSolution
		Debug|iPhoneSimulator = Debug|iPhoneSimulator
		Release|iPhoneSimulator = Release|iPhoneSimulator
		Debug|iPhone = Debug|iPhone
		Release|iPhone = Release|iPhone
	EndGlobalSection
	GlobalSection(ProjectConfigurationPlatforms) = postSolution
		{0F748498-6B6A-4BFF-B212-F28E88AD1AE6}.Debug|iPhone.ActiveCfg = Debug|iPhone
		{0F748498-6B6A-4BFF-B212-F28E88AD1AE6}.Debug|iPhone.Build.0 = Debug|iPhone
		{0F748498-6B6A-4BFF-B212-F28E88AD1AE6}.Debug|iPhoneSimulator.ActiveCfg = Debug|iPhoneSimulator
		{0F748498-6B6A-4BFF-B212-F28E88AD1AE6}.Debug|iPhoneSimulator.Build.0 = Debug|iPhoneSimulator
		{0F748498-6B6A-4BFF-B212-F28E88AD1AE6}.Release|iPhone.ActiveCfg = Release|iPhone
		{0F748498-6B6A-4BFF-B212-F28E88AD1AE6}.Release|iPhone.Build.0 = Release|iPhone
		{0F748498-6B6A-4BFF-B212-F28E88AD1AE6}.Release|iPhoneSimulator.ActiveCfg = Release|iPhoneSimulator
		{0F748498-6B6A-4BFF-B212-F28E88AD1AE6}.Release|iPhoneSimulator.Build.0 = Release|iPhoneSimulator
	EndGlobalSection
	GlobalSection(MonoDevelopProperties) = preSolution
		StartupItem = UICatalog\escoz.csproj
	EndGlobalSection
EndGlobal
